{
  "nodes": {
    "nixpkgs": {
      "locked": {
        "lastModified": 1652574577,
        "narHash": "sha256-MoSWPtue4Wi9+kRDxUbLWEBCL8Bswaa8kVMh2JYpSJg=",
        "owner": "nixos",
        "repo": "nixpkgs",
        "rev": "118ec238bfb788a34f1d53c4d95931fadfa70367",
        "type": "github"
      },
      "original": {
        "owner": "nixos",
        "ref": "nixpkgs-unstable",
        "repo": "nixpkgs",
        "type": "github"
      }
    },
    "root": {
      "inputs": {
        "nixpkgs": "nixpkgs"
      }
    }
  },
  "root": "root",
  "version": 7
}
